{
  "lockfileVersion": 2,
  "configVersion": 0,
  "workspaces": {
    "": {
      "name": "bitacora-hablada",
      "dependencies": {
        "@google/genai": "^2.25.0",
        "express": "^5.2.1",
        "express-rate-limit": "^8.7.1",
      },
      "devDependencies": {
        "@eslint/js": "^10.0.1",
        "eslint": "^10.12.0",
        "globals": "^17.13.0",
        "sharp": "^0.35.5",
        "vite": "^6.0.0",
      },
    },
  },
  "packages": {
    "@cacheable/memory": ["@cacheable/memory@2.2.0", "", { "dependencies": { "@cacheable/utils": "^2.5.0", "@keyv/bigmap": "^1.3.1", "hookified": "^1.15.1", "keyv": "^5.6.0" } }, ""],

    "@cacheable/utils": ["@cacheable/utils@2.5.0", "", { "dependencies": { "hashery": "^1.5.1", "keyv": "^5.6.0" } }, ""],

    "@emnapi/runtime": ["@emnapi/runtime@1.11.3", "", { "dependencies": { "tslib": "^2.4.0" } }, "sha512-Xz4Tpyki7XyrpbUK1jR1AhdAdaXyhhY4lZ3neLodmhpuWfy2PAQN5B46sAiU4liOXGLkHypn/qU+jvfWSCYYLA=="],

    "@esbuild/linux-x64": ["@esbuild/linux-x64@0.25.12", "", { "os": "linux", "cpu": "x64" }, ""],

    "@eslint-community/eslint-utils": ["@eslint-community/eslint-utils@4.10.1", "", { "dependencies": { "eslint-visitor-keys": "^3.4.3" }, "peerDependencies": { "eslint": "^6.0.0 || ^7.0.0 || >=8.0.0" } }, ""],

    "@eslint-community/regexpp": ["@eslint-community/regexpp@4.12.2", "", {}, ""],

    "@eslint/config-array": ["@eslint/config-array@0.23.5", "", { "dependencies": { "@eslint/object-schema": "^3.0.5", "debug": "^4.3.1", "minimatch": "^10.2.4" } }, ""],

    "@eslint/config-helpers": ["@eslint/config-helpers@0.7.0", "", { "dependencies": { "@eslint/core": "^1.2.1" } }, ""],

    "@eslint/core": ["@eslint/core@1.2.1", "", { "dependencies": { "@types/json-schema": "^7.0.15" } }, ""],

    "@eslint/js": ["@eslint/js@10.0.1", "", { "peerDependencies": { "eslint": "^10.0.0" }, "optionalPeers": ["eslint"] }, ""],

    "@eslint/object-schema": ["@eslint/object-schema@3.0.5", "", {}, ""],

    "@eslint/plugin-kit": ["@eslint/plugin-kit@0.7.3", "", { "dependencies": { "@eslint/core": "^1.2.1", "levn": "^0.4.1" } }, ""],

    "@google/genai": ["@google/genai@2.25.0", "", { "dependencies": { "google-auth-library": "^10.3.0", "p-retry": "^4.6.2", "protobufjs": "^7.5.4", "ws": "^8.18.0" }, "peerDependencies": { "@modelcontextprotocol/sdk": "^1.25.2" }, "optionalPeers": ["@modelcontextprotocol/sdk"] }, ""],

    "@humanfs/core": ["@humanfs/core@0.19.2", "", { "dependencies": { "@humanfs/types": "^0.15.0" } }, ""],

    "@humanfs/node": ["@humanfs/node@0.16.8", "", { "dependencies": { "@humanfs/core": "^0.19.2", "@humanfs/types": "^0.15.0", "@humanwhocodes/retry": "^0.4.0" } }, ""],

    "@humanfs/types": ["@humanfs/types@0.15.0", "", {}, ""],

    "@humanwhocodes/module-importer": ["@humanwhocodes/module-importer@1.0.1", "", {}, ""],

    "@humanwhocodes/retry": ["@humanwhocodes/retry@0.4.3", "", {}, ""],

    "@img/colour": ["@img/colour@1.1.0", "", {}, "sha512-Td76q7j57o/tLVdgS746cYARfSyxk8iEfRxewL9h4OMzYhbW4TAcppl0mT4eyqXddh6L/jwoM75mo7ixa/pCeQ=="],

    "@img/sharp-darwin-arm64": ["@img/sharp-darwin-arm64@0.35.5", "", { "optionalDependencies": { "@img/sharp-libvips-darwin-arm64": "1.3.4" }, "os": "darwin", "cpu": "arm64" }, "sha512-QRUlFQ0WxvdWyqqG/WtI3iupfD5rBzmCHXSdPsY91sAtVtTo7Q4cb6zOccZ3gqEqkr0f1As1ehLqmEpDsRf+lg=="],

    "@img/sharp-darwin-x64": ["@img/sharp-darwin-x64@0.35.5", "", { "optionalDependencies": { "@img/sharp-libvips-darwin-x64": "1.3.4" }, "os": "darwin", "cpu": "x64" }, "sha512-+BR255RhDlpygUpOc/Jdt1nT6DQ3XG/ERo5wbcdOf5Q320dKtPCKPLR1LJs9VGXRaMa8l1uUa0tkCNOXiAxZUw=="],

    "@img/sharp-freebsd-wasm32": ["@img/sharp-freebsd-wasm32@0.35.5", "", { "dependencies": { "@img/sharp-wasm32": "0.35.5" }, "os": "freebsd" }, "sha512-Y/z91nEZ4uIBX5X3nfTovjU9lHNKFYbL2lpHCLVNmXQK03VIZvXBBt0KxbPGp2SdGSF+2mQU4e+hQaWOt86iAw=="],

    "@img/sharp-libvips-darwin-arm64": ["@img/sharp-libvips-darwin-arm64@1.3.4", "", { "os": "darwin", "cpu": "arm64" }, "sha512-5R89nBYiRdUlSWJxPhO+GVtaXzXSxKnRu/xqMn3KTA3L9EB9Oy/P+Nn2f2vlhPuUdy/Zusb2DarbyTpGCfEDuw=="],

    "@img/sharp-libvips-darwin-x64": ["@img/sharp-libvips-darwin-x64@1.3.4", "", { "os": "darwin", "cpu": "x64" }, "sha512-iR2OKH80yi0U+dUplyh3/xdpFvps6YkCwsXenIJxqxR1v9o+xtKTGbS9H7cps+2Vxjc8B1j96p75NmTGjIhtpQ=="],

    "@img/sharp-libvips-linux-arm": ["@img/sharp-libvips-linux-arm@1.3.4", "", { "os": "linux", "cpu": "arm" }, "sha512-LmRtTsOHuvM2+wlO2Db37dx5MiZhB0FvSunciw48YjdOkZz9KAiRbm8ujeMOA1INqmei5NapFxYEK1D1ZSidmw=="],

    "@img/sharp-libvips-linux-arm64": ["@img/sharp-libvips-linux-arm64@1.3.4", "", { "os": "linux", "cpu": "arm64" }, "sha512-Y3dgX/6lE2QhQb+Gxy0WZxfg9MEm/JBjamZpS2IklP7xIQoKN4hzAm7KcMVGtaVDt3neE9OKBC7vAfonA/Lr1A=="],

    "@img/sharp-libvips-linux-ppc64": ["@img/sharp-libvips-linux-ppc64@1.3.4", "", { "os": "linux", "cpu": "ppc64" }, "sha512-Le6boB8Tai0Nis+gIxIpKx68UDVVIqdR8Tin5Yf1z2LJJQLDJvCDRqRu+jC2qCoD+eIomonmOwB4smBRxfVpYQ=="],

    "@img/sharp-libvips-linux-riscv64": ["@img/sharp-libvips-linux-riscv64@1.3.4", "", { "os": "linux", "cpu": "none" }, "sha512-aHkkIEHPRdQEegJN20MLmGtxYD9R2wQr3Cwpddnu5+YKMt6Uzax7S9h5gpZTo8wyrGuZSlfQ63OevL5mTyOC7Q=="],

    "@img/sharp-libvips-linux-s390x": ["@img/sharp-libvips-linux-s390x@1.3.4", "", { "os": "linux", "cpu": "s390x" }, "sha512-ra/mB6MikESDUO7Yg+Mi95bFBb9GsObURuhnOv3OqknjGe9sZrG8tCe9q0xSIGrtLgvgw0gKnFWcK4blSgQOuQ=="],

    "@img/sharp-libvips-linux-x64": ["@img/sharp-libvips-linux-x64@1.3.4", "", { "os": "linux", "cpu": "x64" }, "sha512-GJ//SSXbnwSDes02umB3nDJLFcQzw8a18V8fyhqr6tV515tOEMdImjjxj1AoafMRz56F3PHgftnj1QEKSU1zkw=="],

    "@img/sharp-libvips-linuxmusl-arm64": ["@img/sharp-libvips-linuxmusl-arm64@1.3.4", "", { "os": "linux", "cpu": "arm64" }, "sha512-hvulFwtjUcagsis6BBxHwGFwWoNZjgYmULGVrZcyfNbjA8hKILbRxGg15/7w5HDyXHXUos/j6baAWqnCyQ2DWA=="],

    "@img/sharp-libvips-linuxmusl-x64": ["@img/sharp-libvips-linuxmusl-x64@1.3.4", "", { "os": "linux", "cpu": "x64" }, "sha512-6zXKeE/p39I1AmA3cJG35eyBGNqNddLnUXjhwBnsGjFPWqf5VKkDBEqaEkPDoTEtkxwi2vv8Tcr2mDyP4So7Fg=="],

    "@img/sharp-linux-arm": ["@img/sharp-linux-arm@0.35.5", "", { "optionalDependencies": { "@img/sharp-libvips-linux-arm": "1.3.4" }, "os": "linux", "cpu": "arm" }, "sha512-LEaXK2WdXVK5ykcw0buWyPMsmLLL2vpHLD6yrNSW+JGEL3BZPA4tpKN6iaMc4AxTTAoaX/sU1rOL51lcIz48ZQ=="],

    "@img/sharp-linux-arm64": ["@img/sharp-linux-arm64@0.35.5", "", { "optionalDependencies": { "@img/sharp-libvips-linux-arm64": "1.3.4" }, "os": "linux", "cpu": "arm64" }, "sha512-LYVx5JTsOM2CBzmxreh+nl64/3H6Xb09iSLknqH47z2T2DFFxDeFLP5y4dJwe6H7uGQlHPyEEtIqyo3DYsRwdQ=="],

    "@img/sharp-linux-ppc64": ["@img/sharp-linux-ppc64@0.35.5", "", { "optionalDependencies": { "@img/sharp-libvips-linux-ppc64": "1.3.4" }, "os": "linux", "cpu": "ppc64" }, "sha512-QVxAAq8evVRI9ia2vqgwrmWucn5Dfv+JdWzj75pD8omHLPSP7f8p20O8jxzjCcuCEQEOtYOZUmX1hkiZ0kdevA=="],

    "@img/sharp-linux-riscv64": ["@img/sharp-linux-riscv64@0.35.5", "", { "optionalDependencies": { "@img/sharp-libvips-linux-riscv64": "1.3.4" }, "os": "linux", "cpu": "none" }, "sha512-LtdreXguaavKODPIfzJ4kffx7UNt1omwtK0rch4EBbbSTXPnxWmYSayXdLJw0fJzQ97kHt1gL/yh4tvU+nCyRQ=="],

    "@img/sharp-linux-s390x": ["@img/sharp-linux-s390x@0.35.5", "", { "optionalDependencies": { "@img/sharp-libvips-linux-s390x": "1.3.4" }, "os": "linux", "cpu": "s390x" }, "sha512-UZasTOFiYzotTsGOCu42BfUzP6Tu6Do/947iRm1RsLKvlllxwGcn4RN27LibGWceix4Y+Pmw3jsnTcCQIgWjqA=="],

    "@img/sharp-linux-x64": ["@img/sharp-linux-x64@0.35.5", "", { "optionalDependencies": { "@img/sharp-libvips-linux-x64": "1.3.4" }, "os": "linux", "cpu": "x64" }, "sha512-SxFtLTeJInhAA9Q836kux2vZNeOBQEx658qvbboZScr0wIARym3IcGmW7KpVD5sbVg0Ojy+udFQdayYIZyoNog=="],

    "@img/sharp-linuxmusl-arm64": ["@img/sharp-linuxmusl-arm64@0.35.5", "", { "optionalDependencies": { "@img/sharp-libvips-linuxmusl-arm64": "1.3.4" }, "os": "linux", "cpu": "arm64" }, "sha512-9HbMclmI1zlNkFRs3z9/eBtDjfD0sGlrX1z6b1qwmiFY5ElDLh4BC0LPBdVp7z1DXFiKlIcznf+ZlsuZzLxQqg=="],

    "@img/sharp-linuxmusl-x64": ["@img/sharp-linuxmusl-x64@0.35.5", "", { "optionalDependencies": { "@img/sharp-libvips-linuxmusl-x64": "1.3.4" }, "os": "linux", "cpu": "x64" }, "sha512-4KOphqB035HrVdqLZfCgMzzERrQkkzOwRhl4OAkRO1YCldbaFjySXMaK534Mo0V+LndnlJk+sbUyLeU0ULyD1A=="],

    "@img/sharp-wasm32": ["@img/sharp-wasm32@0.35.5", "", { "dependencies": { "@emnapi/runtime": "^1.11.3" } }, "sha512-Ptsga1su4tQx+LLF1ECS9U6nz5kmrXKo6XVbtR48Ke3ZRxxgaWBu7IDtEe1quo8hiupwm6WFqxVlXaSf7IINGQ=="],

    "@img/sharp-webcontainers-wasm32": ["@img/sharp-webcontainers-wasm32@0.35.5", "", { "dependencies": { "@img/sharp-wasm32": "0.35.5" }, "cpu": "none" }, "sha512-hfhF/FmoQyTUkA0bIKFOtw536BQSeBMe6BF6QyWlrPxT754+TFLaZ7sKKTfvvM0yJgKgaYTwnFCIZ/GuDw5SUA=="],

    "@img/sharp-win32-arm64": ["@img/sharp-win32-arm64@0.35.5", "", { "os": "win32", "cpu": "arm64" }, "sha512-X4t7g+7ZA5DKblCBEXGjUqqemj4vczING/5viFwAL8h4N3qYeyjwdCvRLHi4EdOUI+2Z7UFlp1VM+p/AuEtm6Q=="],

    "@img/sharp-win32-ia32": ["@img/sharp-win32-ia32@0.35.5", "", { "os": "win32", "cpu": "ia32" }, "sha512-5Zm82LoBc43nhwNybZlG7Y1KO//Zhsn306fQl29ZOuStHLGTo3BWL83q3cznX0poxSAMuYL1On/BHBxkBeKr6A=="],

    "@img/sharp-win32-x64": ["@img/sharp-win32-x64@0.35.5", "", { "os": "win32", "cpu": "x64" }, "sha512-x76eH0vEiHlcMQu8Y8IenntaACtddpT6W0wmXtWrnKcnKI7ME5DdgqhAD6SEWOEl1v2zDvkZDhFA9KnURwpfqg=="],

    "@keyv/bigmap": ["@keyv/bigmap@1.3.1", "", { "dependencies": { "hashery": "^1.4.0", "hookified": "^1.15.0" }, "peerDependencies": { "keyv": "^5.6.0" } }, ""],

    "@keyv/serialize": ["@keyv/serialize@1.1.1", "", {}, ""],

    "@napi-rs/lzma-linux-x64-gnu": ["@napi-rs/lzma-linux-x64-gnu@1.5.1", "", { "os": "linux", "cpu": "x64" }, ""],

    "@protobufjs/aspromise": ["@protobufjs/aspromise@1.1.2", "", {}, ""],

    "@protobufjs/base64": ["@protobufjs/base64@1.1.2", "", {}, ""],

    "@protobufjs/codegen": ["@protobufjs/codegen@2.0.5", "", {}, ""],

    "@protobufjs/eventemitter": ["@protobufjs/eventemitter@1.1.1", "", {}, ""],

    "@protobufjs/fetch": ["@protobufjs/fetch@1.1.1", "", { "dependencies": { "@protobufjs/aspromise": "^1.1.1" } }, ""],

    "@protobufjs/float": ["@protobufjs/float@1.0.2", "", {}, ""],

    "@protobufjs/path": ["@protobufjs/path@1.1.2", "", {}, ""],

    "@protobufjs/pool": ["@protobufjs/pool@1.1.0", "", {}, ""],

    "@protobufjs/utf8": ["@protobufjs/utf8@1.1.2", "", {}, ""],

    "@rollup/rollup-linux-x64-gnu": ["@rollup/rollup-linux-x64-gnu@4.63.6", "", { "os": "linux", "cpu": "x64" }, ""],

    "@rollup/rollup-linux-x64-musl": ["@rollup/rollup-linux-x64-musl@4.63.6", "", { "os": "linux", "cpu": "x64" }, ""],

    "@types/esrecurse": ["@types/esrecurse@4.3.1", "", {}, ""],

    "@types/estree": ["@types/estree@1.0.9", "", {}, ""],

    "@types/json-schema": ["@types/json-schema@7.0.15", "", {}, ""],

    "@types/node": ["@types/node@26.6.3", "", { "dependencies": { "undici-types": "~8.9.0" } }, ""],

    "@types/retry": ["@types/retry@0.12.0", "", {}, ""],

    "accepts": ["accepts@2.0.0", "", { "dependencies": { "mime-types": "^3.0.0", "negotiator": "^1.0.0" } }, ""],

    "acorn": ["acorn@8.19.0", "", { "bin": "bin/acorn" }, ""],

    "acorn-jsx": ["acorn-jsx@5.3.2", "", { "peerDependencies": { "acorn": "^6.0.0 || ^7.0.0 || ^8.0.0" } }, ""],

    "agent-base": ["agent-base@7.1.4", "", {}, ""],

    "ajv": ["ajv@6.15.0", "", { "dependencies": { "fast-deep-equal": "^3.1.1", "fast-json-stable-stringify": "^2.0.0", "json-schema-traverse": "^0.4.1", "uri-js": "^4.2.2" } }, ""],

    "balanced-match": ["balanced-match@4.0.4", "", {}, ""],

    "base64-js": ["base64-js@1.5.1", "", {}, ""],

    "bignumber.js": ["bignumber.js@9.3.1", "", {}, ""],

    "body-parser": ["body-parser@2.3.0", "", { "dependencies": { "bytes": "^3.1.2", "content-type": "^2.0.0", "debug": "^4.4.3", "http-errors": "^2.0.1", "iconv-lite": "^0.7.2", "on-finished": "^2.4.1", "qs": "^6.15.2", "raw-body": "^3.0.2", "type-is": "^2.1.0" } }, ""],

    "brace-expansion": ["brace-expansion@5.0.12", "", { "dependencies": { "balanced-match": "^4.0.2" } }, ""],

    "buffer-equal-constant-time": ["buffer-equal-constant-time@1.0.1", "", {}, ""],

    "bytes": ["bytes@3.1.2", "", {}, ""],

    "cacheable": ["cacheable@2.5.0", "", { "dependencies": { "@cacheable/memory": "^2.2.0", "@cacheable/utils": "^2.5.0", "hookified": "^1.15.0", "keyv": "^5.6.0", "qified": "^0.10.1" } }, ""],

    "call-bind-apply-helpers": ["call-bind-apply-helpers@1.0.2", "", { "dependencies": { "es-errors": "^1.3.0", "function-bind": "^1.1.2" } }, ""],

    "call-bound": ["call-bound@1.0.4", "", { "dependencies": { "call-bind-apply-helpers": "^1.0.2", "get-intrinsic": "^1.3.0" } }, ""],

    "content-disposition": ["content-disposition@1.1.0", "", {}, ""],

    "content-type": ["content-type@1.0.5", "", {}, ""],

    "cookie": ["cookie@0.7.2", "", {}, ""],

    "cookie-signature": ["cookie-signature@1.2.2", "", {}, ""],

    "cross-spawn": ["cross-spawn@7.0.6", "", { "dependencies": { "path-key": "^3.1.0", "shebang-command": "^2.0.0", "which": "^2.0.1" } }, ""],

    "data-uri-to-buffer": ["data-uri-to-buffer@4.0.1", "", {}, ""],

    "debug": ["debug@4.4.3", "", { "dependencies": { "ms": "^2.1.3" } }, ""],

    "deep-is": ["deep-is@0.1.4", "", {}, ""],

    "depd": ["depd@2.0.0", "", {}, ""],

    "detect-libc": ["detect-libc@2.1.2", "", {}, "sha512-Btj2BOOO83o3WyH59e8MgXsxEQVcarkUOpEYrubB0urwnN10yQ364rsiByU11nZlqWYZm05i/of7io4mzihBtQ=="],

    "dunder-proto": ["dunder-proto@1.0.1", "", { "dependencies": { "call-bind-apply-helpers": "^1.0.1", "es-errors": "^1.3.0", "gopd": "^1.2.0" } }, ""],

    "ecdsa-sig-formatter": ["ecdsa-sig-formatter@1.0.11", "", { "dependencies": { "safe-buffer": "^5.0.1" } }, ""],

    "ee-first": ["ee-first@1.1.1", "", {}, ""],

    "encodeurl": ["encodeurl@2.0.0", "", {}, ""],

    "es-define-property": ["es-define-property@1.0.1", "", {}, ""],

    "es-errors": ["es-errors@1.3.0", "", {}, ""],

    "es-object-atoms": ["es-object-atoms@1.1.2", "", { "dependencies": { "es-errors": "^1.3.0" } }, ""],

    "esbuild": ["esbuild@0.25.12", "", { "optionalDependencies": { "@esbuild/aix-ppc64": "0.25.12", "@esbuild/android-arm": "0.25.12", "@esbuild/android-arm64": "0.25.12", "@esbuild/android-x64": "0.25.12", "@esbuild/darwin-arm64": "0.25.12", "@esbuild/darwin-x64": "0.25.12", "@esbuild/freebsd-arm64": "0.25.12", "@esbuild/freebsd-x64": "0.25.12", "@esbuild/linux-arm": "0.25.12", "@esbuild/linux-arm64": "0.25.12", "@esbuild/linux-ia32": "0.25.12", "@esbuild/linux-loong64": "0.25.12", "@esbuild/linux-mips64el": "0.25.12", "@esbuild/linux-ppc64": "0.25.12", "@esbuild/linux-riscv64": "0.25.12", "@esbuild/linux-s390x": "0.25.12", "@esbuild/linux-x64": "0.25.12", "@esbuild/netbsd-arm64": "0.25.12", "@esbuild/netbsd-x64": "0.25.12", "@esbuild/openbsd-arm64": "0.25.12", "@esbuild/openbsd-x64": "0.25.12", "@esbuild/openharmony-arm64": "0.25.12", "@esbuild/sunos-x64": "0.25.12", "@esbuild/win32-arm64": "0.25.12", "@esbuild/win32-ia32": "0.25.12", "@esbuild/win32-x64": "0.25.12" }, "bin": "bin/esbuild" }, ""],

    "escape-html": ["escape-html@1.0.3", "", {}, ""],

    "escape-string-regexp": ["escape-string-regexp@4.0.0", "", {}, ""],

    "eslint": ["eslint@10.12.0", "", { "dependencies": { "@eslint-community/eslint-utils": "^4.8.0", "@eslint-community/regexpp": "^4.12.2", "@eslint/config-array": "^0.23.5", "@eslint/config-helpers": "^0.7.0", "@eslint/core": "^1.2.1", "@eslint/plugin-kit": "^0.7.3", "@humanfs/node": "^0.16.6", "@humanwhocodes/module-importer": "^1.0.1", "@humanwhocodes/retry": "^0.4.2", "@types/estree": "^1.0.6", "ajv": "^6.14.0", "cross-spawn": "^7.0.6", "debug": "^4.3.2", "escape-string-regexp": "^4.0.0", "eslint-scope": "^9.1.2", "eslint-visitor-keys": "^5.0.1", "espree": "^11.2.0", "esquery": "^1.7.0", "esutils": "^2.0.2", "fast-deep-equal": "^3.1.3", "file-entry-cache": "11.1.5 || >11.1.6 <12", "find-up": "^5.0.0", "glob-parent": "^6.0.2", "ignore": "^5.2.0", "imurmurhash": "^0.1.4", "is-glob": "^4.0.0", "json-stable-stringify-without-jsonify": "^1.0.1", "minimatch": "^10.2.5", "natural-compare": "^1.4.0", "optionator": "^0.9.3" }, "peerDependencies": { "jiti": "*" }, "optionalPeers": ["jiti"], "bin": "bin/eslint.js" }, ""],

    "eslint-scope": ["eslint-scope@9.1.2", "", { "dependencies": { "@types/esrecurse": "^4.3.1", "@types/estree": "^1.0.8", "esrecurse": "^4.3.0", "estraverse": "^5.2.0" } }, ""],

    "eslint-visitor-keys": ["eslint-visitor-keys@5.0.1", "", {}, ""],

    "espree": ["espree@11.2.0", "", { "dependencies": { "acorn": "^8.16.0", "acorn-jsx": "^5.3.2", "eslint-visitor-keys": "^5.0.1" } }, ""],

    "esquery": ["esquery@1.7.0", "", { "dependencies": { "estraverse": "^5.1.0" } }, ""],

    "esrecurse": ["esrecurse@4.3.0", "", { "dependencies": { "estraverse": "^5.2.0" } }, ""],

    "estraverse": ["estraverse@5.3.0", "", {}, ""],

    "esutils": ["esutils@2.0.3", "", {}, ""],

    "etag": ["etag@1.8.1", "", {}, ""],

    "express": ["express@5.2.1", "", { "dependencies": { "accepts": "^2.0.0", "body-parser": "^2.2.1", "content-disposition": "^1.0.0", "content-type": "^1.0.5", "cookie": "^0.7.1", "cookie-signature": "^1.2.1", "debug": "^4.4.0", "depd": "^2.0.0", "encodeurl": "^2.0.0", "escape-html": "^1.0.3", "etag": "^1.8.1", "finalhandler": "^2.1.0", "fresh": "^2.0.0", "http-errors": "^2.0.0", "merge-descriptors": "^2.0.0", "mime-types": "^3.0.0", "on-finished": "^2.4.1", "once": "^1.4.0", "parseurl": "^1.3.3", "proxy-addr": "^2.0.7", "qs": "^6.14.0", "range-parser": "^1.2.1", "router": "^2.2.0", "send": "^1.1.0", "serve-static": "^2.2.0", "statuses": "^2.0.1", "type-is": "^2.0.1", "vary": "^1.1.2" } }, ""],

    "express-rate-limit": ["express-rate-limit@8.7.1", "", { "dependencies": { "debug": "^4.4.3", "ip-address": "^10.2.0" }, "peerDependencies": { "express": ">= 4.11" } }, ""],

    "extend": ["extend@3.0.2", "", {}, ""],

    "fast-deep-equal": ["fast-deep-equal@3.1.3", "", {}, ""],

    "fast-json-stable-stringify": ["fast-json-stable-stringify@2.1.0", "", {}, ""],

    "fast-levenshtein": ["fast-levenshtein@2.0.6", "", {}, ""],

    "fdir": ["fdir@6.5.0", "", { "peerDependencies": { "picomatch": "^3 || ^4" }, "optionalPeers": ["picomatch"] }, ""],

    "fetch-blob": ["fetch-blob@3.2.0", "", { "dependencies": { "node-domexception": "^1.0.0", "web-streams-polyfill": "^3.0.3" } }, ""],

    "file-entry-cache": ["file-entry-cache@11.1.5", "", { "dependencies": { "flat-cache": "^6.1.23" } }, ""],

    "finalhandler": ["finalhandler@2.1.1", "", { "dependencies": { "debug": "^4.4.0", "encodeurl": "^2.0.0", "escape-html": "^1.0.3", "on-finished": "^2.4.1", "parseurl": "^1.3.3", "statuses": "^2.0.1" } }, ""],

    "find-up": ["find-up@5.0.0", "", { "dependencies": { "locate-path": "^6.0.0", "path-exists": "^4.0.0" } }, ""],

    "flat-cache": ["flat-cache@6.1.23", "", { "dependencies": { "cacheable": "^2.5.0", "flatted": "^3.4.2", "hookified": "^1.15.0" } }, ""],

    "flatted": ["flatted@3.4.4", "", {}, ""],

    "formdata-polyfill": ["formdata-polyfill@4.0.10", "", { "dependencies": { "fetch-blob": "^3.1.2" } }, ""],

    "forwarded": ["forwarded@0.2.0", "", {}, ""],

    "fresh": ["fresh@2.0.0", "", {}, ""],

    "function-bind": ["function-bind@1.1.2", "", {}, ""],

    "gaxios": ["gaxios@7.3.1", "", { "dependencies": { "extend": "^3.0.2", "https-proxy-agent": "^7.0.1", "node-fetch": "^3.3.2" } }, ""],

    "gcp-metadata": ["gcp-metadata@8.1.2", "", { "dependencies": { "gaxios": "^7.0.0", "google-logging-utils": "^1.0.0", "json-bigint": "^1.0.0" } }, ""],

    "get-intrinsic": ["get-intrinsic@1.3.0", "", { "dependencies": { "call-bind-apply-helpers": "^1.0.2", "es-define-property": "^1.0.1", "es-errors": "^1.3.0", "es-object-atoms": "^1.1.1", "function-bind": "^1.1.2", "get-proto": "^1.0.1", "gopd": "^1.2.0", "has-symbols": "^1.1.0", "hasown": "^2.0.2", "math-intrinsics": "^1.1.0" } }, ""],

    "get-proto": ["get-proto@1.0.1", "", { "dependencies": { "dunder-proto": "^1.0.1", "es-object-atoms": "^1.0.0" } }, ""],

    "glob-parent": ["glob-parent@6.0.2", "", { "dependencies": { "is-glob": "^4.0.3" } }, ""],

    "globals": ["globals@17.13.0", "", {}, ""],

    "google-auth-library": ["google-auth-library@10.9.1", "", { "dependencies": { "base64-js": "^1.3.0", "ecdsa-sig-formatter": "^1.0.11", "gaxios": "^7.1.4", "gcp-metadata": "8.1.2", "google-logging-utils": "1.1.3", "jws": "^4.0.0" } }, ""],

    "google-logging-utils": ["google-logging-utils@1.1.3", "", {}, ""],

    "gopd": ["gopd@1.2.0", "", {}, ""],

    "has-symbols": ["has-symbols@1.1.0", "", {}, ""],

    "hashery": ["hashery@1.5.1", "", { "dependencies": { "hookified": "^1.15.0" } }, ""],

    "hasown": ["hasown@2.0.4", "", { "dependencies": { "function-bind": "^1.1.2" } }, ""],

    "hookified": ["hookified@1.15.1", "", {}, ""],

    "http-errors": ["http-errors@2.0.1", "", { "dependencies": { "depd": "~2.0.0", "inherits": "~2.0.4", "setprototypeof": "~1.2.0", "statuses": "~2.0.2", "toidentifier": "~1.0.1" } }, ""],

    "https-proxy-agent": ["https-proxy-agent@7.0.6", "", { "dependencies": { "agent-base": "^7.1.2", "debug": "4" } }, ""],

    "iconv-lite": ["iconv-lite@0.7.3", "", { "dependencies": { "safer-buffer": ">= 2.1.2 < 3.0.0" } }, ""],

    "ignore": ["ignore@5.3.2", "", {}, ""],

    "imurmurhash": ["imurmurhash@0.1.4", "", {}, ""],

    "inherits": ["inherits@2.0.4", "", {}, ""],

    "ip-address": ["ip-address@10.7.3", "", {}, ""],

    "ipaddr.js": ["ipaddr.js@1.9.1", "", {}, ""],

    "is-extglob": ["is-extglob@2.1.1", "", {}, ""],

    "is-glob": ["is-glob@4.0.3", "", { "dependencies": { "is-extglob": "^2.1.1" } }, ""],

    "is-promise": ["is-promise@4.0.0", "", {}, ""],

    "isexe": ["isexe@2.0.0", "", {}, ""],

    "json-bigint": ["json-bigint@1.0.0", "", { "dependencies": { "bignumber.js": "^9.0.0" } }, ""],

    "json-schema-traverse": ["json-schema-traverse@0.4.1", "", {}, ""],

    "json-stable-stringify-without-jsonify": ["json-stable-stringify-without-jsonify@1.0.1", "", {}, ""],

    "jwa": ["jwa@2.0.1", "", { "dependencies": { "buffer-equal-constant-time": "^1.0.1", "ecdsa-sig-formatter": "1.0.11", "safe-buffer": "^5.0.1" } }, ""],

    "jws": ["jws@4.0.1", "", { "dependencies": { "jwa": "^2.0.1", "safe-buffer": "^5.0.1" } }, ""],

    "keyv": ["keyv@5.6.0", "", { "dependencies": { "@keyv/serialize": "^1.1.1" } }, ""],

    "levn": ["levn@0.4.1", "", { "dependencies": { "prelude-ls": "^1.2.1", "type-check": "~0.4.0" } }, ""],

    "locate-path": ["locate-path@6.0.0", "", { "dependencies": { "p-locate": "^5.0.0" } }, ""],

    "long": ["long@5.3.2", "", {}, ""],

    "math-intrinsics": ["math-intrinsics@1.1.0", "", {}, ""],

    "media-typer": ["media-typer@1.1.1", "", {}, ""],

    "merge-descriptors": ["merge-descriptors@2.0.0", "", {}, ""],

    "mime-db": ["mime-db@1.54.0", "", {}, ""],

    "mime-types": ["mime-types@3.0.2", "", { "dependencies": { "mime-db": "^1.54.0" } }, ""],

    "minimatch": ["minimatch@10.2.6", "", { "dependencies": { "brace-expansion": "^5.0.8" } }, ""],

    "ms": ["ms@2.1.3", "", {}, ""],

    "nanoid": ["nanoid@3.3.19", "", { "bin": "bin/nanoid.cjs" }, ""],

    "natural-compare": ["natural-compare@1.4.0", "", {}, ""],

    "negotiator": ["negotiator@1.1.0", "", { "dependencies": { "content-type": "^2.1.0" } }, ""],

    "node-domexception": ["node-domexception@1.0.0", "", {}, ""],

    "node-fetch": ["node-fetch@3.3.2", "", { "dependencies": { "data-uri-to-buffer": "^4.0.0", "fetch-blob": "^3.1.4", "formdata-polyfill": "^4.0.10" } }, ""],

    "object-inspect": ["object-inspect@1.13.4", "", {}, ""],

    "on-finished": ["on-finished@2.4.1", "", { "dependencies": { "ee-first": "1.1.1" } }, ""],

    "once": ["once@1.4.0", "", { "dependencies": { "wrappy": "1" } }, ""],

    "optionator": ["optionator@0.9.4", "", { "dependencies": { "deep-is": "^0.1.3", "fast-levenshtein": "^2.0.6", "levn": "^0.4.1", "prelude-ls": "^1.2.1", "type-check": "^0.4.0", "word-wrap": "^1.2.5" } }, ""],

    "p-limit": ["p-limit@3.1.0", "", { "dependencies": { "yocto-queue": "^0.1.0" } }, ""],

    "p-locate": ["p-locate@5.0.0", "", { "dependencies": { "p-limit": "^3.0.2" } }, ""],

    "p-retry": ["p-retry@4.6.2", "", { "dependencies": { "@types/retry": "0.12.0", "retry": "^0.13.1" } }, ""],

    "parseurl": ["parseurl@1.3.3", "", {}, ""],

    "path-exists": ["path-exists@4.0.0", "", {}, ""],

    "path-key": ["path-key@3.1.1", "", {}, ""],

    "path-to-regexp": ["path-to-regexp@8.4.2", "", {}, ""],

    "picocolors": ["picocolors@1.1.1", "", {}, ""],

    "picomatch": ["picomatch@4.0.7", "", {}, ""],

    "postcss": ["postcss@8.5.28", "", { "dependencies": { "nanoid": "^3.3.18", "picocolors": "^1.1.1", "source-map-js": "^1.2.1" } }, ""],

    "prelude-ls": ["prelude-ls@1.2.1", "", {}, ""],

    "protobufjs": ["protobufjs@7.6.6", "", { "dependencies": { "@protobufjs/aspromise": "^1.1.2", "@protobufjs/base64": "^1.1.2", "@protobufjs/codegen": "^2.0.5", "@protobufjs/eventemitter": "^1.1.1", "@protobufjs/fetch": "^1.1.1", "@protobufjs/float": "^1.0.2", "@protobufjs/path": "^1.1.2", "@protobufjs/pool": "^1.1.0", "@protobufjs/utf8": "^1.1.1", "@types/node": ">=13.7.0", "long": "^5.3.2" } }, ""],

    "proxy-addr": ["proxy-addr@2.0.8", "", { "dependencies": { "forwarded": "0.2.0", "ipaddr.js": "1.9.1" } }, ""],

    "punycode": ["punycode@2.3.1", "", {}, ""],

    "qified": ["qified@0.10.1", "", { "dependencies": { "hookified": "^2.1.1" } }, ""],

    "qs": ["qs@6.16.0", "", { "dependencies": { "es-define-property": "^1.0.1", "side-channel": "^1.1.1" } }, ""],

    "range-parser": ["range-parser@1.3.0", "", {}, ""],

    "raw-body": ["raw-body@3.0.2", "", { "dependencies": { "bytes": "~3.1.2", "http-errors": "~2.0.1", "iconv-lite": "~0.7.0", "unpipe": "~1.0.0" } }, ""],

    "retry": ["retry@0.13.1", "", {}, ""],

    "rollup": ["rollup@4.63.6", "", { "dependencies": { "@types/estree": "1.0.9" }, "optionalDependencies": { "@napi-rs/lzma-linux-x64-gnu": "1.5.1", "@rollup/rollup-android-arm-eabi": "4.63.6", "@rollup/rollup-android-arm64": "4.63.6", "@rollup/rollup-darwin-arm64": "4.63.6", "@rollup/rollup-darwin-x64": "4.63.6", "@rollup/rollup-freebsd-arm64": "4.63.6", "@rollup/rollup-freebsd-x64": "4.63.6", "@rollup/rollup-linux-arm-gnueabihf": "4.63.6", "@rollup/rollup-linux-arm-musleabihf": "4.63.6", "@rollup/rollup-linux-arm64-gnu": "4.63.6", "@rollup/rollup-linux-arm64-musl": "4.63.6", "@rollup/rollup-linux-loong64-gnu": "4.63.6", "@rollup/rollup-linux-loong64-musl": "4.63.6", "@rollup/rollup-linux-ppc64-gnu": "4.63.6", "@rollup/rollup-linux-ppc64-musl": "4.63.6", "@rollup/rollup-linux-riscv64-gnu": "4.63.6", "@rollup/rollup-linux-riscv64-musl": "4.63.6", "@rollup/rollup-linux-s390x-gnu": "4.63.6", "@rollup/rollup-linux-x64-gnu": "4.63.6", "@rollup/rollup-linux-x64-musl": "4.63.6", "@rollup/rollup-openbsd-x64": "4.63.6", "@rollup/rollup-openharmony-arm64": "4.63.6", "@rollup/rollup-win32-arm64-msvc": "4.63.6", "@rollup/rollup-win32-ia32-msvc": "4.63.6", "@rollup/rollup-win32-x64-gnu": "4.63.6", "@rollup/rollup-win32-x64-msvc": "4.63.6", "fsevents": "~2.3.2" }, "bin": "dist/bin/rollup" }, ""],

    "router": ["router@2.2.0", "", { "dependencies": { "debug": "^4.4.0", "depd": "^2.0.0", "is-promise": "^4.0.0", "parseurl": "^1.3.3", "path-to-regexp": "^8.0.0" } }, ""],

    "safe-buffer": ["safe-buffer@5.2.1", "", {}, ""],

    "safer-buffer": ["safer-buffer@2.1.2", "", {}, ""],

    "semver": ["semver@7.8.5", "", { "bin": { "semver": "bin/semver.js" } }, "sha512-Y7/KDsb8LjooZpwaqGyulO6DQlksgCncchHGk+sZIY4SBvUocMBEFH5Ur1fI4dV+Jvl0w6cjvucaIi40puRioA=="],

    "send": ["send@1.2.1", "", { "dependencies": { "debug": "^4.4.3", "encodeurl": "^2.0.0", "escape-html": "^1.0.3", "etag": "^1.8.1", "fresh": "^2.0.0", "http-errors": "^2.0.1", "mime-types": "^3.0.2", "ms": "^2.1.3", "on-finished": "^2.4.1", "range-parser": "^1.2.1", "statuses": "^2.0.2" } }, ""],

    "serve-static": ["serve-static@2.2.1", "", { "dependencies": { "encodeurl": "^2.0.0", "escape-html": "^1.0.3", "parseurl": "^1.3.3", "send": "^1.2.0" } }, ""],

    "setprototypeof": ["setprototypeof@1.2.0", "", {}, ""],

    "sharp": ["sharp@0.35.5", "", { "dependencies": { "@img/colour": "^1.1.0", "detect-libc": "^2.1.2", "semver": "^7.8.5" }, "optionalDependencies": { "@img/sharp-darwin-arm64": "0.35.5", "@img/sharp-darwin-x64": "0.35.5", "@img/sharp-freebsd-wasm32": "0.35.5", "@img/sharp-libvips-darwin-arm64": "1.3.4", "@img/sharp-libvips-darwin-x64": "1.3.4", "@img/sharp-libvips-linux-arm": "1.3.4", "@img/sharp-libvips-linux-arm64": "1.3.4", "@img/sharp-libvips-linux-ppc64": "1.3.4", "@img/sharp-libvips-linux-riscv64": "1.3.4", "@img/sharp-libvips-linux-s390x": "1.3.4", "@img/sharp-libvips-linux-x64": "1.3.4", "@img/sharp-libvips-linuxmusl-arm64": "1.3.4", "@img/sharp-libvips-linuxmusl-x64": "1.3.4", "@img/sharp-linux-arm": "0.35.5", "@img/sharp-linux-arm64": "0.35.5", "@img/sharp-linux-ppc64": "0.35.5", "@img/sharp-linux-riscv64": "0.35.5", "@img/sharp-linux-s390x": "0.35.5", "@img/sharp-linux-x64": "0.35.5", "@img/sharp-linuxmusl-arm64": "0.35.5", "@img/sharp-linuxmusl-x64": "0.35.5", "@img/sharp-webcontainers-wasm32": "0.35.5", "@img/sharp-win32-arm64": "0.35.5", "@img/sharp-win32-ia32": "0.35.5", "@img/sharp-win32-x64": "0.35.5" }, "peerDependencies": { "@types/node": "*" }, "optionalPeers": ["@types/node"] }, "sha512-Ywn4OnzGukp7CDMrp08RQ50YKmuwG47brZgIVPTvBaaAfQlRlygrRqSrxdCiL9M+LlzLBiJ68IR1QqvzHyjC7g=="],

    "shebang-command": ["shebang-command@2.0.0", "", { "dependencies": { "shebang-regex": "^3.0.0" } }, ""],

    "shebang-regex": ["shebang-regex@3.0.0", "", {}, ""],

    "side-channel": ["side-channel@1.1.1", "", { "dependencies": { "es-errors": "^1.3.0", "object-inspect": "^1.13.4", "side-channel-list": "^1.0.1", "side-channel-map": "^1.0.1", "side-channel-weakmap": "^1.0.2" } }, ""],

    "side-channel-list": ["side-channel-list@1.0.1", "", { "dependencies": { "es-errors": "^1.3.0", "object-inspect": "^1.13.4" } }, ""],

    "side-channel-map": ["side-channel-map@1.0.1", "", { "dependencies": { "call-bound": "^1.0.2", "es-errors": "^1.3.0", "get-intrinsic": "^1.2.5", "object-inspect": "^1.13.3" } }, ""],

    "side-channel-weakmap": ["side-channel-weakmap@1.0.2", "", { "dependencies": { "call-bound": "^1.0.2", "es-errors": "^1.3.0", "get-intrinsic": "^1.2.5", "object-inspect": "^1.13.3", "side-channel-map": "^1.0.1" } }, ""],

    "source-map-js": ["source-map-js@1.2.2", "", {}, ""],

    "statuses": ["statuses@2.0.2", "", {}, ""],

    "tinyglobby": ["tinyglobby@0.2.17", "", { "dependencies": { "fdir": "^6.5.0", "picomatch": "^4.0.4" } }, ""],

    "toidentifier": ["toidentifier@1.0.1", "", {}, ""],

    "tslib": ["tslib@2.8.1", "", {}, "sha512-oJFu94HQb+KVduSUQL7wnpmqnfmLsOA/nAh6b6EH0wCEoK0/mPeXU6c3wKDV83MkOuHPRHtSXKKU99IBazS/2w=="],

    "type-check": ["type-check@0.4.0", "", { "dependencies": { "prelude-ls": "^1.2.1" } }, ""],

    "type-is": ["type-is@2.1.0", "", { "dependencies": { "content-type": "^2.0.0", "media-typer": "^1.1.0", "mime-types": "^3.0.0" } }, ""],

    "undici-types": ["undici-types@8.9.0", "", {}, ""],

    "unpipe": ["unpipe@1.0.0", "", {}, ""],

    "uri-js": ["uri-js@4.4.1", "", { "dependencies": { "punycode": "^2.1.0" } }, ""],

    "vary": ["vary@1.1.2", "", {}, ""],

    "vite": ["vite@6.4.3", "", { "dependencies": { "esbuild": "^0.25.0", "fdir": "^6.4.4", "picomatch": "^4.0.2", "postcss": "^8.5.3", "rollup": "^4.34.9", "tinyglobby": "^0.2.13" }, "optionalDependencies": { "fsevents": "~2.3.3" }, "peerDependencies": { "@types/node": "^18.0.0 || ^20.0.0 || >=22.0.0", "jiti": ">=1.21.0", "less": "*", "lightningcss": "^1.21.0", "sass": "*", "sass-embedded": "*", "stylus": "*", "sugarss": "*", "terser": "^5.16.0", "tsx": "^4.8.1", "yaml": "^2.4.2" }, "optionalPeers": ["@types/node", "jiti", "less", "lightningcss", "sass", "sass-embedded", "stylus", "sugarss", "terser", "tsx", "yaml"], "bin": "bin/vite.js" }, ""],

    "web-streams-polyfill": ["web-streams-polyfill@3.3.3", "", {}, ""],

    "which": ["which@2.0.2", "", { "dependencies": { "isexe": "^2.0.0" }, "bin": { "node-which": "bin/node-which" } }, ""],

    "word-wrap": ["word-wrap@1.2.5", "", {}, ""],

    "wrappy": ["wrappy@1.0.2", "", {}, ""],

    "ws": ["ws@8.22.0", "", { "peerDependencies": { "bufferutil": "^4.0.1", "utf-8-validate": ">=5.0.2" }, "optionalPeers": ["bufferutil", "utf-8-validate"] }, ""],

    "yocto-queue": ["yocto-queue@0.1.0", "", {}, ""],

    "@eslint-community/eslint-utils/eslint-visitor-keys": ["eslint-visitor-keys@3.4.3", "", {}, ""],

    "body-parser/content-type": ["content-type@2.1.0", "", {}, ""],

    "negotiator/content-type": ["content-type@2.1.0", "", {}, ""],

    "qified/hookified": ["hookified@2.2.0", "", {}, ""],

    "type-is/content-type": ["content-type@2.1.0", "", {}, ""],
  }
}
